// !$*UTF8*$!
{
	archiveVersion = 1;
	classes = {
	};
	objectVersion = 46;
	objects = {

/* Begin PBXBuildFile section */
		21DD3B77F6DA216AA03B125F /* Pods_OCBaiSiDemo.framework in Frameworks */ = {isa = PBXBuildFile; fileRef = A212C3C5E20AEC918586F600 /* Pods_OCBaiSiDemo.framework */; };
		583A2C1F1F406A47003BA115 /* Assets.xcassets in Resources */ = {isa = PBXBuildFile; fileRef = 583A2C1E1F406A47003BA115 /* Assets.xcassets */; };
		583A2C221F406A47003BA115 /* LaunchScreen.storyboard in Resources */ = {isa = PBXBuildFile; fileRef = 583A2C201F406A47003BA115 /* LaunchScreen.storyboard */; };
		583A2C2D1F406A48003BA115 /* OCBaiSiDemoTests.m in Sources */ = {isa = PBXBuildFile; fileRef = 583A2C2C1F406A48003BA115 /* OCBaiSiDemoTests.m */; };
		583A2C381F406A48003BA115 /* OCBaiSiDemoUITests.m in Sources */ = {isa = PBXBuildFile; fileRef = 583A2C371F406A48003BA115 /* OCBaiSiDemoUITests.m */; };
		584386301F4BE8A900B78B10 /* WSGFriendTrendsController.xib in Resources */ = {isa = PBXBuildFile; fileRef = 5843862F1F4BE8A900B78B10 /* WSGFriendTrendsController.xib */; };
		584A9FE21F4F30720037E0C2 /* WSGRecommendController.m in Sources */ = {isa = PBXBuildFile; fileRef = 584A9FE01F4F30720037E0C2 /* WSGRecommendController.m */; };
		584A9FE31F4F30720037E0C2 /* WSGRecommendController.xib in Resources */ = {isa = PBXBuildFile; fileRef = 584A9FE11F4F30720037E0C2 /* WSGRecommendController.xib */; };
		584D26FF1F483C0A00313F06 /* WSGEssenceController.m in Sources */ = {isa = PBXBuildFile; fileRef = 584D26D91F483C0A00313F06 /* WSGEssenceController.m */; };
		584D27001F483C0A00313F06 /* WSGFriendTrendsController.m in Sources */ = {isa = PBXBuildFile; fileRef = 584D26DF1F483C0A00313F06 /* WSGFriendTrendsController.m */; };
		584D27011F483C0A00313F06 /* WSGMeController.m in Sources */ = {isa = PBXBuildFile; fileRef = 584D26E51F483C0A00313F06 /* WSGMeController.m */; };
		584D27021F483C0A00313F06 /* WSGNewController.m in Sources */ = {isa = PBXBuildFile; fileRef = 584D26EB1F483C0A00313F06 /* WSGNewController.m */; };
		584D27031F483C0A00313F06 /* AppDelegate.m in Sources */ = {isa = PBXBuildFile; fileRef = 584D26F01F483C0A00313F06 /* AppDelegate.m */; };
		584D27041F483C0A00313F06 /* UIBarButtonItem+WSGExtension.m in Sources */ = {isa = PBXBuildFile; fileRef = 584D26F31F483C0A00313F06 /* UIBarButtonItem+WSGExtension.m */; };
		584D27051F483C0A00313F06 /* UIView+WSGExtension.m in Sources */ = {isa = PBXBuildFile; fileRef = 584D26F51F483C0A00313F06 /* UIView+WSGExtension.m */; };
		584D27061F483C0A00313F06 /* MyTabbarController.m in Sources */ = {isa = PBXBuildFile; fileRef = 584D26F81F483C0A00313F06 /* MyTabbarController.m */; };
		584D27081F483C0A00313F06 /* main.m in Sources */ = {isa = PBXBuildFile; fileRef = 584D26FA1F483C0A00313F06 /* main.m */; };
		584D27091F483C0A00313F06 /* WSGTabBar.m in Sources */ = {isa = PBXBuildFile; fileRef = 584D26FE1F483C0A00313F06 /* WSGTabBar.m */; };
		584D270B1F483C9000313F06 /* Info.plist in Resources */ = {isa = PBXBuildFile; fileRef = 584D270A1F483C9000313F06 /* Info.plist */; };
		584D270E1F48420D00313F06 /* WSGNavigationController.m in Sources */ = {isa = PBXBuildFile; fileRef = 584D270D1F48420D00313F06 /* WSGNavigationController.m */; };
/* End PBXBuildFile section */

/* Begin PBXContainerItemProxy section */
		583A2C291F406A47003BA115 /* PBXContainerItemProxy */ = {
			isa = PBXContainerItemProxy;
			containerPortal = 583A2C071F406A47003BA115 /* Project object */;
			proxyType = 1;
			remoteGlobalIDString = 583A2C0E1F406A47003BA115;
			remoteInfo = OCBaiSiDemo;
		};
		583A2C341F406A48003BA115 /* PBXContainerItemProxy */ = {
			isa = PBXContainerItemProxy;
			containerPortal = 583A2C071F406A47003BA115 /* Project object */;
			proxyType = 1;
			remoteGlobalIDString = 583A2C0E1F406A47003BA115;
			remoteInfo = OCBaiSiDemo;
		};
/* End PBXContainerItemProxy section */

/* Begin PBXFileReference section */
		583A2C0F1F406A47003BA115 /* OCBaiSiDemo.app */ = {isa = PBXFileReference; explicitFileType = wrapper.application; includeInIndex = 0; path = OCBaiSiDemo.app; sourceTree = BUILT_PRODUCTS_DIR; };
		583A2C1E1F406A47003BA115 /* Assets.xcassets */ = {isa = PBXFileReference; lastKnownFileType = folder.assetcatalog; path = Assets.xcassets; sourceTree = "<group>"; };
		583A2C211F406A47003BA115 /* Base */ = {isa = PBXFileReference; lastKnownFileType = file.storyboard; name = Base; path = Base.lproj/LaunchScreen.storyboard; sourceTree = "<group>"; };
		583A2C281F406A47003BA115 /* OCBaiSiDemoTests.xctest */ = {isa = PBXFileReference; explicitFileType = wrapper.cfbundle; includeInIndex = 0; path = OCBaiSiDemoTests.xctest; sourceTree = BUILT_PRODUCTS_DIR; };
		583A2C2C1F406A48003BA115 /* OCBaiSiDemoTests.m */ = {isa = PBXFileReference; lastKnownFileType = sourcecode.c.objc; path = OCBaiSiDemoTests.m; sourceTree = "<group>"; };
		583A2C2E1F406A48003BA115 /* Info.plist */ = {isa = PBXFileReference; lastKnownFileType = text.plist.xml; path = Info.plist; sourceTree = "<group>"; };
		583A2C331F406A48003BA115 /* OCBaiSiDemoUITests.xctest */ = {isa = PBXFileReference; explicitFileType = wrapper.cfbundle; includeInIndex = 0; path = OCBaiSiDemoUITests.xctest; sourceTree = BUILT_PRODUCTS_DIR; };
		583A2C371F406A48003BA115 /* OCBaiSiDemoUITests.m */ = {isa = PBXFileReference; lastKnownFileType = sourcecode.c.objc; path = OCBaiSiDemoUITests.m; sourceTree = "<group>"; };
		583A2C391F406A48003BA115 /* Info.plist */ = {isa = PBXFileReference; lastKnownFileType = text.plist.xml; path = Info.plist; sourceTree = "<group>"; };
		5843862F1F4BE8A900B78B10 /* WSGFriendTrendsController.xib */ = {isa = PBXFileReference; fileEncoding = 4; lastKnownFileType = file.xib; path = WSGFriendTrendsController.xib; sourceTree = "<group>"; };
		584A9FDF1F4F30720037E0C2 /* WSGRecommendController.h */ = {isa = PBXFileReference; fileEncoding = 4; lastKnownFileType = sourcecode.c.h; path = WSGRecommendController.h; sourceTree = "<group>"; };
		584A9FE01F4F30720037E0C2 /* WSGRecommendController.m */ = {isa = PBXFileReference; fileEncoding = 4; lastKnownFileType = sourcecode.c.objc; path = WSGRecommendController.m; sourceTree = "<group>"; };
		584A9FE11F4F30720037E0C2 /* WSGRecommendController.xib */ = {isa = PBXFileReference; fileEncoding = 4; lastKnownFileType = file.xib; path = WSGRecommendController.xib; sourceTree = "<group>"; };
		584D26D81F483C0A00313F06 /* WSGEssenceController.h */ = {isa = PBXFileReference; fileEncoding = 4; lastKnownFileType = sourcecode.c.h; path = WSGEssenceController.h; sourceTree = "<group>"; };
		584D26D91F483C0A00313F06 /* WSGEssenceController.m */ = {isa = PBXFileReference; fileEncoding = 4; lastKnownFileType = sourcecode.c.objc; path = WSGEssenceController.m; sourceTree = "<group>"; };
		584D26DE1F483C0A00313F06 /* WSGFriendTrendsController.h */ = {isa = PBXFileReference; fileEncoding = 4; lastKnownFileType = sourcecode.c.h; path = WSGFriendTrendsController.h; sourceTree = "<group>"; };
		584D26DF1F483C0A00313F06 /* WSGFriendTrendsController.m */ = {isa = PBXFileReference; fileEncoding = 4; lastKnownFileType = sourcecode.c.objc; path = WSGFriendTrendsController.m; sourceTree = "<group>"; };
		584D26E41F483C0A00313F06 /* WSGMeController.h */ = {isa = PBXFileReference; fileEncoding = 4; lastKnownFileType = sourcecode.c.h; path = WSGMeController.h; sourceTree = "<group>"; };
		584D26E51F483C0A00313F06 /* WSGMeController.m */ = {isa = PBXFileReference; fileEncoding = 4; lastKnownFileType = sourcecode.c.objc; path = WSGMeController.m; sourceTree = "<group>"; };
		584D26EA1F483C0A00313F06 /* WSGNewController.h */ = {isa = PBXFileReference; fileEncoding = 4; lastKnownFileType = sourcecode.c.h; path = WSGNewController.h; sourceTree = "<group>"; };
		584D26EB1F483C0A00313F06 /* WSGNewController.m */ = {isa = PBXFileReference; fileEncoding = 4; lastKnownFileType = sourcecode.c.objc; path = WSGNewController.m; sourceTree = "<group>"; };
		584D26EF1F483C0A00313F06 /* AppDelegate.h */ = {isa = PBXFileReference; fileEncoding = 4; lastKnownFileType = sourcecode.c.h; path = AppDelegate.h; sourceTree = "<group>"; };
		584D26F01F483C0A00313F06 /* AppDelegate.m */ = {isa = PBXFileReference; fileEncoding = 4; lastKnownFileType = sourcecode.c.objc; path = AppDelegate.m; sourceTree = "<group>"; };
		584D26F21F483C0A00313F06 /* UIBarButtonItem+WSGExtension.h */ = {isa = PBXFileReference; fileEncoding = 4; lastKnownFileType = sourcecode.c.h; path = "UIBarButtonItem+WSGExtension.h"; sourceTree = "<group>"; };
		584D26F31F483C0A00313F06 /* UIBarButtonItem+WSGExtension.m */ = {isa = PBXFileReference; fileEncoding = 4; lastKnownFileType = sourcecode.c.objc; path = "UIBarButtonItem+WSGExtension.m"; sourceTree = "<group>"; };
		584D26F41F483C0A00313F06 /* UIView+WSGExtension.h */ = {isa = PBXFileReference; fileEncoding = 4; lastKnownFileType = sourcecode.c.h; path = "UIView+WSGExtension.h"; sourceTree = "<group>"; };
		584D26F51F483C0A00313F06 /* UIView+WSGExtension.m */ = {isa = PBXFileReference; fileEncoding = 4; lastKnownFileType = sourcecode.c.objc; path = "UIView+WSGExtension.m"; sourceTree = "<group>"; };
		584D26F71F483C0A00313F06 /* MyTabbarController.h */ = {isa = PBXFileReference; fileEncoding = 4; lastKnownFileType = sourcecode.c.h; path = MyTabbarController.h; sourceTree = "<group>"; };
		584D26F81F483C0A00313F06 /* MyTabbarController.m */ = {isa = PBXFileReference; fileEncoding = 4; lastKnownFileType = sourcecode.c.objc; path = MyTabbarController.m; sourceTree = "<group>"; };
		584D26FA1F483C0A00313F06 /* main.m */ = {isa = PBXFileReference; fileEncoding = 4; lastKnownFileType = sourcecode.c.objc; path = main.m; sourceTree = "<group>"; };
		584D26FB1F483C0A00313F06 /* PrefixHeader.pch */ = {isa = PBXFileReference; fileEncoding = 4; lastKnownFileType = sourcecode.c.h; path = PrefixHeader.pch; sourceTree = "<group>"; };
		584D26FD1F483C0A00313F06 /* WSGTabBar.h */ = {isa = PBXFileReference; fileEncoding = 4; lastKnownFileType = sourcecode.c.h; path = WSGTabBar.h; sourceTree = "<group>"; };
		584D26FE1F483C0A00313F06 /* WSGTabBar.m */ = {isa = PBXFileReference; fileEncoding = 4; lastKnownFileType = sourcecode.c.objc; path = WSGTabBar.m; sourceTree = "<group>"; };
		584D270A1F483C9000313F06 /* Info.plist */ = {isa = PBXFileReference; fileEncoding = 4; lastKnownFileType = text.plist.xml; path = Info.plist; sourceTree = "<group>"; };
		584D270C1F48420D00313F06 /* WSGNavigationController.h */ = {isa = PBXFileReference; fileEncoding = 4; lastKnownFileType = sourcecode.c.h; path = WSGNavigationController.h; sourceTree = "<group>"; };
		584D270D1F48420D00313F06 /* WSGNavigationController.m */ = {isa = PBXFileReference; fileEncoding = 4; lastKnownFileType = sourcecode.c.objc; path = WSGNavigationController.m; sourceTree = "<group>"; };
		5C3DB8B2E2980C6587184BD3 /* Pods-OCBaiSiDemo.release.xcconfig */ = {isa = PBXFileReference; includeInIndex = 1; lastKnownFileType = text.xcconfig; name = "Pods-OCBaiSiDemo.release.xcconfig"; path = "Pods/Target Support Files/Pods-OCBaiSiDemo/Pods-OCBaiSiDemo.release.xcconfig"; sourceTree = "<group>"; };
		A212C3C5E20AEC918586F600 /* Pods_OCBaiSiDemo.framework */ = {isa = PBXFileReference; explicitFileType = wrapper.framework; includeInIndex = 0; path = Pods_OCBaiSiDemo.framework; sourceTree = BUILT_PRODUCTS_DIR; };
		D2F4941E9D8F01AE87F653E6 /* Pods-OCBaiSiDemo.debug.xcconfig */ = {isa = PBXFileReference; includeInIndex = 1; lastKnownFileType = text.xcconfig; name = "Pods-OCBaiSiDemo.debug.xcconfig"; path = "Pods/Target Support Files/Pods-OCBaiSiDemo/Pods-OCBaiSiDemo.debug.xcconfig"; sourceTree = "<group>"; };
/* End PBXFileReference section */

/* Begin PBXFrameworksBuildPhase section */
		583A2C0C1F406A47003BA115 /* Frameworks */ = {
			isa = PBXFrameworksBuildPhase;
			buildActionMask = 2147483647;
			files = (
				21DD3B77F6DA216AA03B125F /* Pods_OCBaiSiDemo.framework in Frameworks */,
			);
			runOnlyForDeploymentPostprocessing = 0;
		};
		583A2C251F406A47003BA115 /* Frameworks */ = {
			isa = PBXFrameworksBuildPhase;
			buildActionMask = 2147483647;
			files = (
			);
			runOnlyForDeploymentPostprocessing = 0;
		};
		583A2C301F406A48003BA115 /* Frameworks */ = {
			isa = PBXFrameworksBuildPhase;
			buildActionMask = 2147483647;
			files = (
			);
			runOnlyForDeploymentPostprocessing = 0;
		};
/* End PBXFrameworksBuildPhase section */

/* Begin PBXGroup section */
		583A2C061F406A47003BA115 = {
			isa = PBXGroup;
			children = (
				583A2C111F406A47003BA115 /* OCBaiSiDemo */,
				583A2C2B1F406A48003BA115 /* OCBaiSiDemoTests */,
				583A2C361F406A48003BA115 /* OCBaiSiDemoUITests */,
				583A2C101F406A47003BA115 /* Products */,
				F51AE9682031F0D2E600A900 /* Pods */,
				F42EBE82EE63AEF34954C25D /* Frameworks */,
			);
			sourceTree = "<group>";
		};
		583A2C101F406A47003BA115 /* Products */ = {
			isa = PBXGroup;
			children = (
				583A2C0F1F406A47003BA115 /* OCBaiSiDemo.app */,
				583A2C281F406A47003BA115 /* OCBaiSiDemoTests.xctest */,
				583A2C331F406A48003BA115 /* OCBaiSiDemoUITests.xctest */,
			);
			name = Products;
			sourceTree = "<group>";
		};
		583A2C111F406A47003BA115 /* OCBaiSiDemo */ = {
			isa = PBXGroup;
			children = (
				584D26D51F483C0A00313F06 /* Classes */,
				583A2C121F406A47003BA115 /* Supporting Files */,
			);
			path = OCBaiSiDemo;
			sourceTree = "<group>";
		};
		583A2C121F406A47003BA115 /* Supporting Files */ = {
			isa = PBXGroup;
			children = (
				584D270A1F483C9000313F06 /* Info.plist */,
				583A2C1E1F406A47003BA115 /* Assets.xcassets */,
				583A2C201F406A47003BA115 /* LaunchScreen.storyboard */,
			);
			name = "Supporting Files";
			sourceTree = "<group>";
		};
		583A2C2B1F406A48003BA115 /* OCBaiSiDemoTests */ = {
			isa = PBXGroup;
			children = (
				583A2C2C1F406A48003BA115 /* OCBaiSiDemoTests.m */,
				583A2C2E1F406A48003BA115 /* Info.plist */,
			);
			path = OCBaiSiDemoTests;
			sourceTree = "<group>";
		};
		583A2C361F406A48003BA115 /* OCBaiSiDemoUITests */ = {
			isa = PBXGroup;
			children = (
				583A2C371F406A48003BA115 /* OCBaiSiDemoUITests.m */,
				583A2C391F406A48003BA115 /* Info.plist */,
			);
			path = OCBaiSiDemoUITests;
			sourceTree = "<group>";
		};
		584D26D51F483C0A00313F06 /* Classes */ = {
			isa = PBXGroup;
			children = (
				584D26D61F483C0A00313F06 /* Essence */,
				584D26DC1F483C0A00313F06 /* FriendTrends */,
				584D26E21F483C0A00313F06 /* Me */,
				584D26E81F483C0A00313F06 /* New */,
				584D26EE1F483C0A00313F06 /* Other */,
			);
			path = Classes;
			sourceTree = "<group>";
		};
		584D26D61F483C0A00313F06 /* Essence */ = {
			isa = PBXGroup;
			children = (
				584D26D71F483C0A00313F06 /* Controller */,
				584D26DA1F483C0A00313F06 /* Model */,
				584D26DB1F483C0A00313F06 /* View */,
			);
			path = Essence;
			sourceTree = "<group>";
		};
		584D26D71F483C0A00313F06 /* Controller */ = {
			isa = PBXGroup;
			children = (
				584D26D81F483C0A00313F06 /* WSGEssenceController.h */,
				584D26D91F483C0A00313F06 /* WSGEssenceController.m */,
			);
			path = Controller;
			sourceTree = "<group>";
		};
		584D26DA1F483C0A00313F06 /* Model */ = {
			isa = PBXGroup;
			children = (
			);
			path = Model;
			sourceTree = "<group>";
		};
		584D26DB1F483C0A00313F06 /* View */ = {
			isa = PBXGroup;
			children = (
			);
			path = View;
			sourceTree = "<group>";
		};
		584D26DC1F483C0A00313F06 /* FriendTrends */ = {
			isa = PBXGroup;
			children = (
				584D26DD1F483C0A00313F06 /* Controller */,
				584D26E01F483C0A00313F06 /* Model */,
				584D26E11F483C0A00313F06 /* View */,
			);
			path = FriendTrends;
			sourceTree = "<group>";
		};
		584D26DD1F483C0A00313F06 /* Controller */ = {
			isa = PBXGroup;
			children = (
				584D26DE1F483C0A00313F06 /* WSGFriendTrendsController.h */,
				584D26DF1F483C0A00313F06 /* WSGFriendTrendsController.m */,
				5843862F1F4BE8A900B78B10 /* WSGFriendTrendsController.xib */,
				584A9FDF1F4F30720037E0C2 /* WSGRecommendController.h */,
				584A9FE01F4F30720037E0C2 /* WSGRecommendController.m */,
				584A9FE11F4F30720037E0C2 /* WSGRecommendController.xib */,
			);
			path = Controller;
			sourceTree = "<group>";
		};
		584D26E01F483C0A00313F06 /* Model */ = {
			isa = PBXGroup;
			children = (
			);
			path = Model;
			sourceTree = "<group>";
		};
		584D26E11F483C0A00313F06 /* View */ = {
			isa = PBXGroup;
			children = (
			);
			path = View;
			sourceTree = "<group>";
		};
		584D26E21F483C0A00313F06 /* Me */ = {
			isa = PBXGroup;
			children = (
				584D26E31F483C0A00313F06 /* Controller */,
				584D26E61F483C0A00313F06 /* Model */,
				584D26E71F483C0A00313F06 /* View */,
			);
			path = Me;
			sourceTree = "<group>";
		};
		584D26E31F483C0A00313F06 /* Controller */ = {
			isa = PBXGroup;
			children = (
				584D26E41F483C0A00313F06 /* WSGMeController.h */,
				584D26E51F483C0A00313F06 /* WSGMeController.m */,
			);
			path = Controller;
			sourceTree = "<group>";
		};
		584D26E61F483C0A00313F06 /* Model */ = {
			isa = PBXGroup;
			children = (
			);
			path = Model;
			sourceTree = "<group>";
		};
		584D26E71F483C0A00313F06 /* View */ = {
			isa = PBXGroup;
			children = (
			);
			path = View;
			sourceTree = "<group>";
		};
		584D26E81F483C0A00313F06 /* New */ = {
			isa = PBXGroup;
			children = (
				584D26E91F483C0A00313F06 /* Controller */,
				584D26EC1F483C0A00313F06 /* Model */,
				584D26ED1F483C0A00313F06 /* View */,
			);
			path = New;
			sourceTree = "<group>";
		};
		584D26E91F483C0A00313F06 /* Controller */ = {
			isa = PBXGroup;
			children = (
				584D26EA1F483C0A00313F06 /* WSGNewController.h */,
				584D26EB1F483C0A00313F06 /* WSGNewController.m */,
			);
			path = Controller;
			sourceTree = "<group>";
		};
		584D26EC1F483C0A00313F06 /* Model */ = {
			isa = PBXGroup;
			children = (
			);
			path = Model;
			sourceTree = "<group>";
		};
		584D26ED1F483C0A00313F06 /* View */ = {
			isa = PBXGroup;
			children = (
			);
			path = View;
			sourceTree = "<group>";
		};
		584D26EE1F483C0A00313F06 /* Other */ = {
			isa = PBXGroup;
			children = (
				584D26F11F483C0A00313F06 /* Category */,
				584D26F61F483C0A00313F06 /* Controller */,
				584D26FC1F483C0A00313F06 /* View */,
				584D26EF1F483C0A00313F06 /* AppDelegate.h */,
				584D26F01F483C0A00313F06 /* AppDelegate.m */,
				584D26FA1F483C0A00313F06 /* main.m */,
				584D26FB1F483C0A00313F06 /* PrefixHeader.pch */,
			);
			path = Other;
			sourceTree = "<group>";
		};
		584D26F11F483C0A00313F06 /* Category */ = {
			isa = PBXGroup;
			children = (
				584D26F21F483C0A00313F06 /* UIBarButtonItem+WSGExtension.h */,
				584D26F31F483C0A00313F06 /* UIBarButtonItem+WSGExtension.m */,
				584D26F41F483C0A00313F06 /* UIView+WSGExtension.h */,
				584D26F51F483C0A00313F06 /* UIView+WSGExtension.m */,
			);
			path = Category;
			sourceTree = "<group>";
		};
		584D26F61F483C0A00313F06 /* Controller */ = {
			isa = PBXGroup;
			children = (
				584D26F71F483C0A00313F06 /* MyTabbarController.h */,
				584D26F81F483C0A00313F06 /* MyTabbarController.m */,
				584D270C1F48420D00313F06 /* WSGNavigationController.h */,
				584D270D1F48420D00313F06 /* WSGNavigationController.m */,
			);
			path = Controller;
			sourceTree = "<group>";
		};
		584D26FC1F483C0A00313F06 /* View */ = {
			isa = PBXGroup;
			children = (
				584D26FD1F483C0A00313F06 /* WSGTabBar.h */,
				584D26FE1F483C0A00313F06 /* WSGTabBar.m */,
			);
			path = View;
			sourceTree = "<group>";
		};
		F42EBE82EE63AEF34954C25D /* Frameworks */ = {
			isa = PBXGroup;
			children = (
				A212C3C5E20AEC918586F600 /* Pods_OCBaiSiDemo.framework */,
			);
			name = Frameworks;
			sourceTree = "<group>";
		};
		F51AE9682031F0D2E600A900 /* Pods */ = {
			isa = PBXGroup;
			children = (
				D2F4941E9D8F01AE87F653E6 /* Pods-OCBaiSiDemo.debug.xcconfig */,
				5C3DB8B2E2980C6587184BD3 /* Pods-OCBaiSiDemo.release.xcconfig */,
			);
			name = Pods;
			sourceTree = "<group>";
		};
/* End PBXGroup section */

/* Begin PBXNativeTarget section */
		583A2C0E1F406A47003BA115 /* OCBaiSiDemo */ = {
			isa = PBXNativeTarget;
			buildConfigurationList = 583A2C3C1F406A48003BA115 /* Build configuration list for PBXNativeTarget "OCBaiSiDemo" */;
			buildPhases = (
				085F62239F6A1E604F64F9F0 /* [CP] Check Pods Manifest.lock */,
				583A2C0B1F406A47003BA115 /* Sources */,
				583A2C0C1F406A47003BA115 /* Frameworks */,
				583A2C0D1F406A47003BA115 /* Resources */,
				714B309D3F82395EE136A08F /* [CP] Embed Pods Frameworks */,
				CEAA182188A9635CD79CFD43 /* [CP] Copy Pods Resources */,
			);
			buildRules = (
			);
			dependencies = (
			);
			name = OCBaiSiDemo;
			productName = OCBaiSiDemo;
			productReference = 583A2C0F1F406A47003BA115 /* OCBaiSiDemo.app */;
			productType = "com.apple.product-type.application";
		};
		583A2C271F406A47003BA115 /* OCBaiSiDemoTests */ = {
			isa = PBXNativeTarget;
			buildConfigurationList = 583A2C3F1F406A48003BA115 /* Build configuration list for PBXNativeTarget "OCBaiSiDemoTests" */;
			buildPhases = (
				583A2C241F406A47003BA115 /* Sources */,
				583A2C251F406A47003BA115 /* Frameworks */,
				583A2C261F406A47003BA115 /* Resources */,
			);
			buildRules = (
			);
			dependencies = (
				583A2C2A1F406A47003BA115 /* PBXTargetDependency */,
			);
			name = OCBaiSiDemoTests;
			productName = OCBaiSiDemoTests;
			productReference = 583A2C281F406A47003BA115 /* OCBaiSiDemoTests.xctest */;
			productType = "com.apple.product-type.bundle.unit-test";
		};
		583A2C321F406A48003BA115 /* OCBaiSiDemoUITests */ = {
			isa = PBXNativeTarget;
			buildConfigurationList = 583A2C421F406A48003BA115 /* Build configuration list for PBXNativeTarget "OCBaiSiDemoUITests" */;
			buildPhases = (
				583A2C2F1F406A48003BA115 /* Sources */,
				583A2C301F406A48003BA115 /* Frameworks */,
				583A2C311F406A48003BA115 /* Resources */,
			);
			buildRules = (
			);
			dependencies = (
				583A2C351F406A48003BA115 /* PBXTargetDependency */,
			);
			name = OCBaiSiDemoUITests;
			productName = OCBaiSiDemoUITests;
			productReference = 583A2C331F406A48003BA115 /* OCBaiSiDemoUITests.xctest */;
			productType = "com.apple.product-type.bundle.ui-testing";
		};
/* End PBXNativeTarget section */

/* Begin PBXProject section */
		583A2C071F406A47003BA115 /* Project object */ = {
			isa = PBXProject;
			attributes = {
				CLASSPREFIX = WSG;
				LastUpgradeCheck = 0830;
				ORGANIZATIONNAME = xiaowu;
				TargetAttributes = {
					583A2C0E1F406A47003BA115 = {
						CreatedOnToolsVersion = 8.3.3;
						DevelopmentTeam = 3MBF9B5ZRL;
						ProvisioningStyle = Automatic;
					};
					583A2C271F406A47003BA115 = {
						CreatedOnToolsVersion = 8.3.3;
						DevelopmentTeam = 3MBF9B5ZRL;
						ProvisioningStyle = Automatic;
						TestTargetID = 583A2C0E1F406A47003BA115;
					};
					583A2C321F406A48003BA115 = {
						CreatedOnToolsVersion = 8.3.3;
						DevelopmentTeam = 3MBF9B5ZRL;
						ProvisioningStyle = Automatic;
						TestTargetID = 583A2C0E1F406A47003BA115;
					};
				};
			};
			buildConfigurationList = 583A2C0A1F406A47003BA115 /* Build configuration list for PBXProject "OCBaiSiDemo" */;
			compatibilityVersion = "Xcode 3.2";
			developmentRegion = English;
			hasScannedForEncodings = 0;
			knownRegions = (
				en,
				Base,
			);
			mainGroup = 583A2C061F406A47003BA115;
			productRefGroup = 583A2C101F406A47003BA115 /* Products */;
			projectDirPath = "";
			projectRoot = "";
			targets = (
				583A2C0E1F406A47003BA115 /* OCBaiSiDemo */,
				583A2C271F406A47003BA115 /* OCBaiSiDemoTests */,
				583A2C321F406A48003BA115 /* OCBaiSiDemoUITests */,
			);
		};
/* End PBXProject section */

/* Begin PBXResourcesBuildPhase section */
		583A2C0D1F406A47003BA115 /* Resources */ = {
			isa = PBXResourcesBuildPhase;
			buildActionMask = 2147483647;
			files = (
				583A2C221F406A47003BA115 /* LaunchScreen.storyboard in Resources */,
				583A2C1F1F406A47003BA115 /* Assets.xcassets in Resources */,
				584A9FE31F4F30720037E0C2 /* WSGRecommendController.xib in Resources */,
				584D270B1F483C9000313F06 /* Info.plist in Resources */,
				584386301F4BE8A900B78B10 /* WSGFriendTrendsController.xib in Resources */,
			);
			runOnlyForDeploymentPostprocessing = 0;
		};
		583A2C261F406A47003BA115 /* Resources */ = {
			isa = PBXResourcesBuildPhase;
			buildActionMask = 2147483647;
			files = (
			);
			runOnlyForDeploymentPostprocessing = 0;
		};
		583A2C311F406A48003BA115 /* Resources */ = {
			isa = PBXResourcesBuildPhase;
			buildActionMask = 2147483647;
			files = (
			);
			runOnlyForDeploymentPostprocessing = 0;
		};
/* End PBXResourcesBuildPhase section */

/* Begin PBXShellScriptBuildPhase section */
		085F62239F6A1E604F64F9F0 /* [CP] Check Pods Manifest.lock */ = {
			isa = PBXShellScriptBuildPhase;
			buildActionMask = 2147483647;
			files = (
			);
			inputPaths = (
				"${PODS_PODFILE_DIR_PATH}/Podfile.lock",
				"${PODS_ROOT}/Manifest.lock",
			);
			name = "[CP] Check Pods Manifest.lock";
			outputPaths = (
				"$(DERIVED_FILE_DIR)/Pods-OCBaiSiDemo-checkManifestLockResult.txt",
			);
			runOnlyForDeploymentPostprocessing = 0;
			shellPath = /bin/sh;
			shellScript = "diff \"${PODS_PODFILE_DIR_PATH}/Podfile.lock\" \"${PODS_ROOT}/Manifest.lock\" > /dev/null\nif [ $? != 0 ] ; then\n    # print error to STDERR\n    echo \"error: The sandbox is not in sync with the Podfile.lock. Run 'pod install' or update your CocoaPods installation.\" >&2\n    exit 1\nfi\n# This output is used by Xcode 'outputs' to avoid re-running this script phase.\necho \"SUCCESS\" > \"${SCRIPT_OUTPUT_FILE_0}\"\n";
			showEnvVarsInLog = 0;
		};
		714B309D3F82395EE136A08F /* [CP] Embed Pods Frameworks */ = {
			isa = PBXShellScriptBuildPhase;
			buildActionMask = 2147483647;
			files = (
			);
			inputPaths = (
				"${SRCROOT}/Pods/Target Support Files/Pods-OCBaiSiDemo/Pods-OCBaiSiDemo-frameworks.sh",
				"${BUILT_PRODUCTS_DIR}/AFNetworking/AFNetworking.framework",
				"${BUILT_PRODUCTS_DIR}/SDWebImage/SDWebImage.framework",
				"${BUILT_PRODUCTS_DIR}/SVProgressHUD/SVProgressHUD.framework",
			);
			name = "[CP] Embed Pods Frameworks";
			outputPaths = (
				"${TARGET_BUILD_DIR}/${FRAMEWORKS_FOLDER_PATH}/AFNetworking.framework",
				"${TARGET_BUILD_DIR}/${FRAMEWORKS_FOLDER_PATH}/SDWebImage.framework",
				"${TARGET_BUILD_DIR}/${FRAMEWORKS_FOLDER_PATH}/SVProgressHUD.framework",
			);
			runOnlyForDeploymentPostprocessing = 0;
			shellPath = /bin/sh;
			shellScript = "\"${SRCROOT}/Pods/Target Support Files/Pods-OCBaiSiDemo/Pods-OCBaiSiDemo-frameworks.sh\"\n";
			showEnvVarsInLog = 0;
		};
		CEAA182188A9635CD79CFD43 /* [CP] Copy Pods Resources */ = {
			isa = PBXShellScriptBuildPhase;
			buildActionMask = 2147483647;
			files = (
			);
			inputPaths = (
			);
			name = "[CP] Copy Pods Resources";
			outputPaths = (
			);
			runOnlyForDeploymentPostprocessing = 0;
			shellPath = /bin/sh;
			shellScript = "\"${SRCROOT}/Pods/Target Support Files/Pods-OCBaiSiDemo/Pods-OCBaiSiDemo-resources.sh\"\n";
			showEnvVarsInLog = 0;
		};
/* End PBXShellScriptBuildPhase section */

/* Begin PBXSourcesBuildPhase section */
		583A2C0B1F406A47003BA115 /* Sources */ = {
			isa = PBXSourcesBuildPhase;
			buildActionMask = 2147483647;
			files = (
				584D27021F483C0A00313F06 /* WSGNewController.m in Sources */,
				584D26FF1F483C0A00313F06 /* WSGEssenceController.m in Sources */,
				584D27001F483C0A00313F06 /* WSGFriendTrendsController.m in Sources */,
				584D27011F483C0A00313F06 /* WSGMeController.m in Sources */,
				584D27041F483C0A00313F06 /* UIBarButtonItem+WSGExtension.m in Sources */,
				584D270E1F48420D00313F06 /* WSGNavigationController.m in Sources */,
				584D27061F483C0A00313F06 /* MyTabbarController.m in Sources */,
				584D27051F483C0A00313F06 /* UIView+WSGExtension.m in Sources */,
				584D27081F483C0A00313F06 /* main.m in Sources */,
				584D27031F483C0A00313F06 /* AppDelegate.m in Sources */,
				584A9FE21F4F30720037E0C2 /* WSGRecommendController.m in Sources */,
				584D27091F483C0A00313F06 /* WSGTabBar.m in Sources */,
			);
			runOnlyForDeploymentPostprocessing = 0;
		};
		583A2C241F406A47003BA115 /* Sources */ = {
			isa = PBXSourcesBuildPhase;
			buildActionMask = 2147483647;
			files = (
				583A2C2D1F406A48003BA115 /* OCBaiSiDemoTests.m in Sources */,
			);
			runOnlyForDeploymentPostprocessing = 0;
		};
		583A2C2F1F406A48003BA115 /* Sources */ = {
			isa = PBXSourcesBuildPhase;
			buildActionMask = 2147483647;
			files = (
				583A2C381F406A48003BA115 /* OCBaiSiDemoUITests.m in Sources */,
			);
			runOnlyForDeploymentPostprocessing = 0;
		};
/* End PBXSourcesBuildPhase section */

/* Begin PBXTargetDependency section */
		583A2C2A1F406A47003BA115 /* PBXTargetDependency */ = {
			isa = PBXTargetDependency;
			target = 583A2C0E1F406A47003BA115 /* OCBaiSiDemo */;
			targetProxy = 583A2C291F406A47003BA115 /* PBXContainerItemProxy */;
		};
		583A2C351F406A48003BA115 /* PBXTargetDependency */ = {
			isa = PBXTargetDependency;
			target = 583A2C0E1F406A47003BA115 /* OCBaiSiDemo */;
			targetProxy = 583A2C341F406A48003BA115 /* PBXContainerItemProxy */;
		};
/* End PBXTargetDependency section */

/* Begin PBXVariantGroup section */
		583A2C201F406A47003BA115 /* LaunchScreen.storyboard */ = {
			isa = PBXVariantGroup;
			children = (
				583A2C211F406A47003BA115 /* Base */,
			);
			name = LaunchScreen.storyboard;
			sourceTree = "<group>";
		};
/* End PBXVariantGroup section */

/* Begin XCBuildConfiguration section */
		583A2C3A1F406A48003BA115 /* Debug */ = {
			isa = XCBuildConfiguration;
			buildSettings = {
				ALWAYS_SEARCH_USER_PATHS = NO;
				CLANG_ANALYZER_NONNULL = YES;
				CLANG_ANALYZER_NUMBER_OBJECT_CONVERSION = YES_AGGRESSIVE;
				CLANG_CXX_LANGUAGE_STANDARD = "gnu++0x";
				CLANG_CXX_LIBRARY = "libc++";
				CLANG_ENABLE_MODULES = YES;
				CLANG_ENABLE_OBJC_ARC = YES;
				CLANG_WARN_BOOL_CONVERSION = YES;
				CLANG_WARN_CONSTANT_CONVERSION = YES;
				CLANG_WARN_DIRECT_OBJC_ISA_USAGE = YES_ERROR;
				CLANG_WARN_DOCUMENTATION_COMMENTS = YES;
				CLANG_WARN_EMPTY_BODY = YES;
				CLANG_WARN_ENUM_CONVERSION = YES;
				CLANG_WARN_INFINITE_RECURSION = YES;
				CLANG_WARN_INT_CONVERSION = YES;
				CLANG_WARN_OBJC_ROOT_CLASS = YES_ERROR;
				CLANG_WARN_SUSPICIOUS_MOVE = YES;
				CLANG_WARN_UNREACHABLE_CODE = YES;
				CLANG_WARN__DUPLICATE_METHOD_MATCH = YES;
				"CODE_SIGN_IDENTITY[sdk=iphoneos*]" = "iPhone Developer";
				COPY_PHASE_STRIP = NO;
				DEBUG_INFORMATION_FORMAT = dwarf;
				ENABLE_STRICT_OBJC_MSGSEND = YES;
				ENABLE_TESTABILITY = YES;
				GCC_C_LANGUAGE_STANDARD = gnu99;
				GCC_DYNAMIC_NO_PIC = NO;
				GCC_NO_COMMON_BLOCKS = YES;
				GCC_OPTIMIZATION_LEVEL = 0;
				GCC_PREPROCESSOR_DEFINITIONS = (
					"DEBUG=1",
					"$(inherited)",
				);
				GCC_WARN_64_TO_32_BIT_CONVERSION = YES;
				GCC_WARN_ABOUT_RETURN_TYPE = YES_ERROR;
				GCC_WARN_UNDECLARED_SELECTOR = YES;
				GCC_WARN_UNINITIALIZED_AUTOS = YES_AGGRESSIVE;
				GCC_WARN_UNUSED_FUNCTION = YES;
				GCC_WARN_UNUSED_VARIABLE = YES;
				IPHONEOS_DEPLOYMENT_TARGET = 10.3;
				MTL_ENABLE_DEBUG_INFO = YES;
				ONLY_ACTIVE_ARCH = YES;
				SDKROOT = iphoneos;
				TARGETED_DEVICE_FAMILY = "1,2";
			};
			name = Debug;
		};
		583A2C3B1F406A48003BA115 /* Release */ = {
			isa = XCBuildConfiguration;
			buildSettings = {
				ALWAYS_SEARCH_USER_PATHS = NO;
				CLANG_ANALYZER_NONNULL = YES;
				CLANG_ANALYZER_NUMBER_OBJECT_CONVERSION = YES_AGGRESSIVE;
				CLANG_CXX_LANGUAGE_STANDARD = "gnu++0x";
				CLANG_CXX_LIBRARY = "libc++";
				CLANG_ENABLE_MODULES = YES;
				CLANG_ENABLE_OBJC_ARC = YES;
				CLANG_WARN_BOOL_CONVERSION = YES;
				CLANG_WARN_CONSTANT_CONVERSION = YES;
				CLANG_WARN_DIRECT_OBJC_ISA_USAGE = YES_ERROR;
				CLANG_WARN_DOCUMENTATION_COMMENTS = YES;
				CLANG_WARN_EMPTY_BODY = YES;
				CLANG_WARN_ENUM_CONVERSION = YES;
				CLANG_WARN_INFINITE_RECURSION = YES;
				CLANG_WARN_INT_CONVERSION = YES;
				CLANG_WARN_OBJC_ROOT_CLASS = YES_ERROR;
				CLANG_WARN_SUSPICIOUS_MOVE = YES;
				CLANG_WARN_UNREACHABLE_CODE = YES;
				CLANG_WARN__DUPLICATE_METHOD_MATCH = YES;
				"CODE_SIGN_IDENTITY[sdk=iphoneos*]" = "iPhone Developer";
				COPY_PHASE_STRIP = NO;
				DEBUG_INFORMATION_FORMAT = "dwarf-with-dsym";
				ENABLE_NS_ASSERTIONS = NO;
				ENABLE_STRICT_OBJC_MSGSEND = YES;
				GCC_C_LANGUAGE_STANDARD = gnu99;
				GCC_NO_COMMON_BLOCKS = YES;
				GCC_WARN_64_TO_32_BIT_CONVERSION = YES;
				GCC_WARN_ABOUT_RETURN_TYPE = YES_ERROR;
				GCC_WARN_UNDECLARED_SELECTOR = YES;
				GCC_WARN_UNINITIALIZED_AUTOS = YES_AGGRESSIVE;
				GCC_WARN_UNUSED_FUNCTION = YES;
				GCC_WARN_UNUSED_VARIABLE = YES;
				IPHONEOS_DEPLOYMENT_TARGET = 10.3;
				MTL_ENABLE_DEBUG_INFO = NO;
				SDKROOT = iphoneos;
				TARGETED_DEVICE_FAMILY = "1,2";
				VALIDATE_PRODUCT = YES;
			};
			name = Release;
		};
		583A2C3D1F406A48003BA115 /* Debug */ = {
			isa = XCBuildConfiguration;
			baseConfigurationReference = D2F4941E9D8F01AE87F653E6 /* Pods-OCBaiSiDemo.debug.xcconfig */;
			buildSettings = {
				ASSETCATALOG_COMPILER_APPICON_NAME = AppIcon;
				ASSETCATALOG_COMPILER_LAUNCHIMAGE_NAME = LaunchImage;
				DEVELOPMENT_TEAM = 3MBF9B5ZRL;
				GCC_PREFIX_HEADER = "$(SRCROOT)/OCBaiSiDemo/Classes/Other/PrefixHeader.pch";
				INFOPLIST_FILE = OCBaiSiDemo/Info.plist;
				IPHONEOS_DEPLOYMENT_TARGET = 8.0;
				LD_RUNPATH_SEARCH_PATHS = "$(inherited) @executable_path/Frameworks";
				PRODUCT_BUNDLE_IDENTIFIER = swift.OCBaiSiDemo;
				PRODUCT_NAME = "$(TARGET_NAME)";
			};
			name = Debug;
		};
		583A2C3E1F406A48003BA115 /* Release */ = {
			isa = XCBuildConfiguration;
			baseConfigurationReference = 5C3DB8B2E2980C6587184BD3 /* Pods-OCBaiSiDemo.release.xcconfig */;
			buildSettings = {
				ASSETCATALOG_COMPILER_APPICON_NAME = AppIcon;
				ASSETCATALOG_COMPILER_LAUNCHIMAGE_NAME = LaunchImage;
				DEVELOPMENT_TEAM = 3MBF9B5ZRL;
				GCC_PREFIX_HEADER = "$(SRCROOT)/OCBaiSiDemo/Classes/Other/PrefixHeader.pch";
				INFOPLIST_FILE = OCBaiSiDemo/Info.plist;
				IPHONEOS_DEPLOYMENT_TARGET = 8.0;
				LD_RUNPATH_SEARCH_PATHS = "$(inherited) @executable_path/Frameworks";
				PRODUCT_BUNDLE_IDENTIFIER = swift.OCBaiSiDemo;
				PRODUCT_NAME = "$(TARGET_NAME)";
			};
			name = Release;
		};
		583A2C401F406A48003BA115 /* Debug */ = {
			isa = XCBuildConfiguration;
			buildSettings = {
				BUNDLE_LOADER = "$(TEST_HOST)";
				DEVELOPMENT_TEAM = 3MBF9B5ZRL;
				INFOPLIST_FILE = OCBaiSiDemoTests/Info.plist;
				LD_RUNPATH_SEARCH_PATHS = "$(inherited) @executable_path/Frameworks @loader_path/Frameworks";
				PRODUCT_BUNDLE_IDENTIFIER = swift.OCBaiSiDemoTests;
				PRODUCT_NAME = "$(TARGET_NAME)";
				TEST_HOST = "$(BUILT_PRODUCTS_DIR)/OCBaiSiDemo.app/OCBaiSiDemo";
			};
			name = Debug;
		};
		583A2C411F406A48003BA115 /* Release */ = {
			isa = XCBuildConfiguration;
			buildSettings = {
				BUNDLE_LOADER = "$(TEST_HOST)";
				DEVELOPMENT_TEAM = 3MBF9B5ZRL;
				INFOPLIST_FILE = OCBaiSiDemoTests/Info.plist;
				LD_RUNPATH_SEARCH_PATHS = "$(inherited) @executable_path/Frameworks @loader_path/Frameworks";
				PRODUCT_BUNDLE_IDENTIFIER = swift.OCBaiSiDemoTests;
				PRODUCT_NAME = "$(TARGET_NAME)";
				TEST_HOST = "$(BUILT_PRODUCTS_DIR)/OCBaiSiDemo.app/OCBaiSiDemo";
			};
			name = Release;
		};
		583A2C431F406A48003BA115 /* Debug */ = {
			isa = XCBuildConfiguration;
			buildSettings = {
				DEVELOPMENT_TEAM = 3MBF9B5ZRL;
				INFOPLIST_FILE = OCBaiSiDemoUITests/Info.plist;
				LD_RUNPATH_SEARCH_PATHS = "$(inherited) @executable_path/Frameworks @loader_path/Frameworks";
				PRODUCT_BUNDLE_IDENTIFIER = swift.OCBaiSiDemoUITests;
				PRODUCT_NAME = "$(TARGET_NAME)";
				TEST_TARGET_NAME = OCBaiSiDemo;
			};
			name = Debug;
		};
		583A2C441F406A48003BA115 /* Release */ = {
			isa = XCBuildConfiguration;
			buildSettings = {
				DEVELOPMENT_TEAM = 3MBF9B5ZRL;
				INFOPLIST_FILE = OCBaiSiDemoUITests/Info.plist;
				LD_RUNPATH_SEARCH_PATHS = "$(inherited) @executable_path/Frameworks @loader_path/Frameworks";
				PRODUCT_BUNDLE_IDENTIFIER = swift.OCBaiSiDemoUITests;
				PRODUCT_NAME = "$(TARGET_NAME)";
				TEST_TARGET_NAME = OCBaiSiDemo;
			};
			name = Release;
		};
/* End XCBuildConfiguration section */

/* Begin XCConfigurationList section */
		583A2C0A1F406A47003BA115 /* Build configuration list for PBXProject "OCBaiSiDemo" */ = {
			isa = XCConfigurationList;
			buildConfigurations = (
				583A2C3A1F406A48003BA115 /* Debug */,
				583A2C3B1F406A48003BA115 /* Release */,
			);
			defaultConfigurationIsVisible = 0;
			defaultConfigurationName = Release;
		};
		583A2C3C1F406A48003BA115 /* Build configuration list for PBXNativeTarget "OCBaiSiDemo" */ = {
			isa = XCConfigurationList;
			buildConfigurations = (
				583A2C3D1F406A48003BA115 /* Debug */,
				583A2C3E1F406A48003BA115 /* Release */,
			);
			defaultConfigurationIsVisible = 0;
			defaultConfigurationName = Release;
		};
		583A2C3F1F406A48003BA115 /* Build configuration list for PBXNativeTarget "OCBaiSiDemoTests" */ = {
			isa = XCConfigurationList;
			buildConfigurations = (
				583A2C401F406A48003BA115 /* Debug */,
				583A2C411F406A48003BA115 /* Release */,
			);
			defaultConfigurationIsVisible = 0;
			defaultConfigurationName = Release;
		};
		583A2C421F406A48003BA115 /* Build configuration list for PBXNativeTarget "OCBaiSiDemoUITests" */ = {
			isa = XCConfigurationList;
			buildConfigurations = (
				583A2C431F406A48003BA115 /* Debug */,
				583A2C441F406A48003BA115 /* Release */,
			);
			defaultConfigurationIsVisible = 0;
			defaultConfigurationName = Release;
		};
/* End XCConfigurationList section */
	};
	rootObject = 583A2C071F406A47003BA115 /* Project object */;
}
